# This file is automatically @generated by Cargo.
# It is not intended for manual editing.
version = 4

[[package]]
name = "esp32s3-emu"
version = "0.1.0"

[[package]]
name = "esp32s3-soc"
version = "0.1.0"

[[package]]
name = "wasm-bridge"
version = "0.1.0"

[[package]]
name = "xtensa-core"
version = "0.1.0"
